// !$*UTF8*$!
{
	archiveVersion = 1;
	classes = {
	};
	objectVersion = 56;
	objects = {

/* Begin PBXBuildFile section */
		F24E57902AF592D90075F397 /* EventReceiver.swift in Sources */ = {isa = PBXBuildFile; fileRef = F24E578F2AF592D90075F397 /* EventReceiver.swift */; };
		F24E57942AF5AB310075F397 /* Protocols.swift in Sources */ = {isa = PBXBuildFile; fileRef = F24E57932AF5AB310075F397 /* Protocols.swift */; };
		F28DE2352AF435D5002E6E39 /* AppDelegate.swift in Sources */ = {isa = PBXBuildFile; fileRef = F28DE2342AF435D5002E6E39 /* AppDelegate.swift */; };
		F28DE2372AF435D5002E6E39 /* SceneDelegate.swift in Sources */ = {isa = PBXBuildFile; fileRef = F28DE2362AF435D5002E6E39 /* SceneDelegate.swift */; };
		F28DE2392AF435D5002E6E39 /* ViewController.swift in Sources */ = {isa = PBXBuildFile; fileRef = F28DE2382AF435D5002E6E39 /* ViewController.swift */; };
		F28DE23C2AF435D5002E6E39 /* Main.storyboard in Resources */ = {isa = PBXBuildFile; fileRef = F28DE23A2AF435D5002E6E39 /* Main.storyboard */; };
		F28DE23E2AF435D6002E6E39 /* Assets.xcassets in Resources */ = {isa = PBXBuildFile; fileRef = F28DE23D2AF435D6002E6E39 /* Assets.xcassets */; };
		F28DE2412AF435D6002E6E39 /* LaunchScreen.storyboard in Resources */ = {isa = PBXBuildFile; fileRef = F28DE23F2AF435D6002E6E39 /* LaunchScreen.storyboard */; };
		F28DE2782AF4644E002E6E39 /* merge.sh in Resources */ = {isa = PBXBuildFile; fileRef = F28DE2742AF4644D002E6E39 /* merge.sh */; };
		F28DE2792AF4644E002E6E39 /* libintegratedsdk.a in Frameworks */ = {isa = PBXBuildFile; fileRef = F28DE2752AF4644D002E6E39 /* libintegratedsdk.a */; };
		F28DE27F2AF47309002E6E39 /* ExternalAccessory.framework in Frameworks */ = {isa = PBXBuildFile; fileRef = F28DE27E2AF47309002E6E39 /* ExternalAccessory.framework */; };
		F28DE2812AF47B00002E6E39 /* CoreBluetooth.framework in Frameworks */ = {isa = PBXBuildFile; fileRef = F28DE2802AF47B00002E6E39 /* CoreBluetooth.framework */; };
		F28DE2832AF47B50002E6E39 /* libz.tbd in Frameworks */ = {isa = PBXBuildFile; fileRef = F28DE2822AF47B40002E6E39 /* libz.tbd */; };
		F28DE2852AF47C10002E6E39 /* Zebra.swift in Sources */ = {isa = PBXBuildFile; fileRef = F28DE2842AF47C10002E6E39 /* Zebra.swift */; };
/* End PBXBuildFile section */

/* Begin PBXFileReference section */
		F24E578F2AF592D90075F397 /* EventReceiver.swift */ = {isa = PBXFileReference; lastKnownFileType = sourcecode.swift; path = EventReceiver.swift; sourceTree = "<group>"; };
		F24E57932AF5AB310075F397 /* Protocols.swift */ = {isa = PBXFileReference; lastKnownFileType = sourcecode.swift; path = Protocols.swift; sourceTree = "<group>"; };
		F28DE2312AF435D5002E6E39 /* ZebraLector.app */ = {isa = PBXFileReference; explicitFileType = wrapper.application; includeInIndex = 0; path = ZebraLector.app; sourceTree = BUILT_PRODUCTS_DIR; };
		F28DE2342AF435D5002E6E39 /* AppDelegate.swift */ = {isa = PBXFileReference; lastKnownFileType = sourcecode.swift; path = AppDelegate.swift; sourceTree = "<group>"; };
		F28DE2362AF435D5002E6E39 /* SceneDelegate.swift */ = {isa = PBXFileReference; lastKnownFileType = sourcecode.swift; path = SceneDelegate.swift; sourceTree = "<group>"; };
		F28DE2382AF435D5002E6E39 /* ViewController.swift */ = {isa = PBXFileReference; lastKnownFileType = sourcecode.swift; path = ViewController.swift; sourceTree = "<group>"; };
		F28DE23B2AF435D5002E6E39 /* Base */ = {isa = PBXFileReference; lastKnownFileType = file.storyboard; name = Base; path = Base.lproj/Main.storyboard; sourceTree = "<group>"; };
		F28DE23D2AF435D6002E6E39 /* Assets.xcassets */ = {isa = PBXFileReference; lastKnownFileType = folder.assetcatalog; path = Assets.xcassets; sourceTree = "<group>"; };
		F28DE2402AF435D6002E6E39 /* Base */ = {isa = PBXFileReference; lastKnownFileType = file.storyboard; name = Base; path = Base.lproj/LaunchScreen.storyboard; sourceTree = "<group>"; };
		F28DE2422AF435D6002E6E39 /* Info.plist */ = {isa = PBXFileReference; lastKnownFileType = text.plist.xml; path = Info.plist; sourceTree = "<group>"; };
		F28DE24A2AF4644D002E6E39 /* RfidAccessConfig.h */ = {isa = PBXFileReference; fileEncoding = 4; lastKnownFileType = sourcecode.c.h; path = RfidAccessConfig.h; sourceTree = "<group>"; };
		F28DE24B2AF4644D002E6E39 /* RfidSdkDefs.h */ = {isa = PBXFileReference; fileEncoding = 4; lastKnownFileType = sourcecode.c.h; path = RfidSdkDefs.h; sourceTree = "<group>"; };
		F28DE24C2AF4644D002E6E39 /* RfidSingulationConfig.h */ = {isa = PBXFileReference; fileEncoding = 4; lastKnownFileType = sourcecode.c.h; path = RfidSingulationConfig.h; sourceTree = "<group>"; };
		F28DE24D2AF4644D002E6E39 /* RMDAttributes.h */ = {isa = PBXFileReference; fileEncoding = 4; lastKnownFileType = sourcecode.c.h; path = RMDAttributes.h; sourceTree = "<group>"; };
		F28DE24E2AF4644D002E6E39 /* RfidDatabaseEvent.h */ = {isa = PBXFileReference; fileEncoding = 4; lastKnownFileType = sourcecode.c.h; path = RfidDatabaseEvent.h; sourceTree = "<group>"; };
		F28DE24F2AF4644D002E6E39 /* RfidSdkApiDelegate.h */ = {isa = PBXFileReference; fileEncoding = 4; lastKnownFileType = sourcecode.c.h; path = RfidSdkApiDelegate.h; sourceTree = "<group>"; };
		F28DE2502AF4644D002E6E39 /* RfidRegulatoryConfig.h */ = {isa = PBXFileReference; fileEncoding = 4; lastKnownFileType = sourcecode.c.h; path = RfidRegulatoryConfig.h; sourceTree = "<group>"; };
		F28DE2512AF4644D002E6E39 /* AccessOperationCode.h */ = {isa = PBXFileReference; fileEncoding = 4; lastKnownFileType = sourcecode.c.h; path = AccessOperationCode.h; sourceTree = "<group>"; };
		F28DE2522AF4644D002E6E39 /* RfidTemperatureEvent.h */ = {isa = PBXFileReference; fileEncoding = 4; lastKnownFileType = sourcecode.c.h; path = RfidTemperatureEvent.h; sourceTree = "<group>"; };
		F28DE2532AF4644D002E6E39 /* RfidRadioErrorEvent.h */ = {isa = PBXFileReference; fileEncoding = 4; lastKnownFileType = sourcecode.c.h; path = RfidRadioErrorEvent.h; sourceTree = "<group>"; };
		F28DE2542AF4644D002E6E39 /* RfidTagFilter.h */ = {isa = PBXFileReference; fileEncoding = 4; lastKnownFileType = sourcecode.c.h; path = RfidTagFilter.h; sourceTree = "<group>"; };
		F28DE2552AF4644D002E6E39 /* RfidAttribute.h */ = {isa = PBXFileReference; fileEncoding = 4; lastKnownFileType = sourcecode.c.h; path = RfidAttribute.h; sourceTree = "<group>"; };
		F28DE2562AF4644D002E6E39 /* RfidAccessCriteria.h */ = {isa = PBXFileReference; fileEncoding = 4; lastKnownFileType = sourcecode.c.h; path = RfidAccessCriteria.h; sourceTree = "<group>"; };
		F28DE2572AF4644D002E6E39 /* RfidTagReportConfig.h */ = {isa = PBXFileReference; fileEncoding = 4; lastKnownFileType = sourcecode.c.h; path = RfidTagReportConfig.h; sourceTree = "<group>"; };
		F28DE2582AF4644D002E6E39 /* RfidBatteryEvent.h */ = {isa = PBXFileReference; fileEncoding = 4; lastKnownFileType = sourcecode.c.h; path = RfidBatteryEvent.h; sourceTree = "<group>"; };
		F28DE2592AF4644D002E6E39 /* SbtScannerInfo.h */ = {isa = PBXFileReference; fileEncoding = 4; lastKnownFileType = sourcecode.c.h; path = SbtScannerInfo.h; sourceTree = "<group>"; };
		F28DE25A2AF4644D002E6E39 /* RfidSdkFactory.h */ = {isa = PBXFileReference; fileEncoding = 4; lastKnownFileType = sourcecode.c.h; path = RfidSdkFactory.h; sourceTree = "<group>"; };
		F28DE25B2AF4644D002E6E39 /* RfidAccessParameters.h */ = {isa = PBXFileReference; fileEncoding = 4; lastKnownFileType = sourcecode.c.h; path = RfidAccessParameters.h; sourceTree = "<group>"; };
		F28DE25C2AF4644D002E6E39 /* RfidBatteryStatusInformation.h */ = {isa = PBXFileReference; fileEncoding = 4; lastKnownFileType = sourcecode.c.h; path = RfidBatteryStatusInformation.h; sourceTree = "<group>"; };
		F28DE25D2AF4644D002E6E39 /* RfidReaderVersionInfo.h */ = {isa = PBXFileReference; fileEncoding = 4; lastKnownFileType = sourcecode.c.h; path = RfidReaderVersionInfo.h; sourceTree = "<group>"; };
		F28DE25E2AF4644D002E6E39 /* RfidStartTriggerConfig.h */ = {isa = PBXFileReference; fileEncoding = 4; lastKnownFileType = sourcecode.c.h; path = RfidStartTriggerConfig.h; sourceTree = "<group>"; };
		F28DE25F2AF4644D002E6E39 /* RfidReaderInfo.h */ = {isa = PBXFileReference; fileEncoding = 4; lastKnownFileType = sourcecode.c.h; path = RfidReaderInfo.h; sourceTree = "<group>"; };
		F28DE2602AF4644D002E6E39 /* RfidMultipleTagsConfig.h */ = {isa = PBXFileReference; fileEncoding = 4; lastKnownFileType = sourcecode.c.h; path = RfidMultipleTagsConfig.h; sourceTree = "<group>"; };
		F28DE2612AF4644D002E6E39 /* ISbtSdkApi.h */ = {isa = PBXFileReference; fileEncoding = 4; lastKnownFileType = sourcecode.c.h; path = ISbtSdkApi.h; sourceTree = "<group>"; };
		F28DE2622AF4644D002E6E39 /* SbtSdkDefs.h */ = {isa = PBXFileReference; fileEncoding = 4; lastKnownFileType = sourcecode.c.h; path = SbtSdkDefs.h; sourceTree = "<group>"; };
		F28DE2632AF4644D002E6E39 /* RfidReaderCapabilitiesInfo.h */ = {isa = PBXFileReference; fileEncoding = 4; lastKnownFileType = sourcecode.c.h; path = RfidReaderCapabilitiesInfo.h; sourceTree = "<group>"; };
		F28DE2642AF4644D002E6E39 /* FirmwareUpdateEvent.h */ = {isa = PBXFileReference; fileEncoding = 4; lastKnownFileType = sourcecode.c.h; path = FirmwareUpdateEvent.h; sourceTree = "<group>"; };
		F28DE2652AF4644D002E6E39 /* RfidUntraceableConfig.h */ = {isa = PBXFileReference; fileEncoding = 4; lastKnownFileType = sourcecode.c.h; path = RfidUntraceableConfig.h; sourceTree = "<group>"; };
		F28DE2662AF4644D002E6E39 /* RfidOperEndSummaryEvent.h */ = {isa = PBXFileReference; fileEncoding = 4; lastKnownFileType = sourcecode.c.h; path = RfidOperEndSummaryEvent.h; sourceTree = "<group>"; };
		F28DE2672AF4644D002E6E39 /* ISbtSdkApiDelegate.h */ = {isa = PBXFileReference; fileEncoding = 4; lastKnownFileType = sourcecode.c.h; path = ISbtSdkApiDelegate.h; sourceTree = "<group>"; };
		F28DE2682AF4644D002E6E39 /* RfidSdkApi.h */ = {isa = PBXFileReference; fileEncoding = 4; lastKnownFileType = sourcecode.c.h; path = RfidSdkApi.h; sourceTree = "<group>"; };
		F28DE2692AF4644D002E6E39 /* RfidLinkProfile.h */ = {isa = PBXFileReference; fileEncoding = 4; lastKnownFileType = sourcecode.c.h; path = RfidLinkProfile.h; sourceTree = "<group>"; };
		F28DE26A2AF4644D002E6E39 /* RfidPreFilter.h */ = {isa = PBXFileReference; fileEncoding = 4; lastKnownFileType = sourcecode.c.h; path = RfidPreFilter.h; sourceTree = "<group>"; };
		F28DE26B2AF4644D002E6E39 /* RfidDynamicPowerConfig.h */ = {isa = PBXFileReference; fileEncoding = 4; lastKnownFileType = sourcecode.c.h; path = RfidDynamicPowerConfig.h; sourceTree = "<group>"; };
		F28DE26C2AF4644D002E6E39 /* RfidAntennaConfiguration.h */ = {isa = PBXFileReference; fileEncoding = 4; lastKnownFileType = sourcecode.c.h; path = RfidAntennaConfiguration.h; sourceTree = "<group>"; };
		F28DE26D2AF4644D002E6E39 /* RfidPowerEvent.h */ = {isa = PBXFileReference; fileEncoding = 4; lastKnownFileType = sourcecode.c.h; path = RfidPowerEvent.h; sourceTree = "<group>"; };
		F28DE26E2AF4644D002E6E39 /* RfidTagData.h */ = {isa = PBXFileReference; fileEncoding = 4; lastKnownFileType = sourcecode.c.h; path = RfidTagData.h; sourceTree = "<group>"; };
		F28DE26F2AF4644D002E6E39 /* RfidRegionInfo.h */ = {isa = PBXFileReference; fileEncoding = 4; lastKnownFileType = sourcecode.c.h; path = RfidRegionInfo.h; sourceTree = "<group>"; };
		F28DE2702AF4644D002E6E39 /* RfidReportConfig.h */ = {isa = PBXFileReference; fileEncoding = 4; lastKnownFileType = sourcecode.c.h; path = RfidReportConfig.h; sourceTree = "<group>"; };
		F28DE2712AF4644D002E6E39 /* RfidStopTriggerConfig.h */ = {isa = PBXFileReference; fileEncoding = 4; lastKnownFileType = sourcecode.c.h; path = RfidStopTriggerConfig.h; sourceTree = "<group>"; };
		F28DE2722AF4644D002E6E39 /* SbtSdkFactory.h */ = {isa = PBXFileReference; fileEncoding = 4; lastKnownFileType = sourcecode.c.h; path = SbtSdkFactory.h; sourceTree = "<group>"; };
		F28DE2732AF4644D002E6E39 /* RfidUniqueTagsReport.h */ = {isa = PBXFileReference; fileEncoding = 4; lastKnownFileType = sourcecode.c.h; path = RfidUniqueTagsReport.h; sourceTree = "<group>"; };
		F28DE2742AF4644D002E6E39 /* merge.sh */ = {isa = PBXFileReference; fileEncoding = 4; lastKnownFileType = text.script.sh; path = merge.sh; sourceTree = "<group>"; };
		F28DE2752AF4644D002E6E39 /* libintegratedsdk.a */ = {isa = PBXFileReference; lastKnownFileType = archive.ar; path = libintegratedsdk.a; sourceTree = "<group>"; };
		F28DE2762AF4644D002E6E39 /* libsymbolrfid-sdk.a */ = {isa = PBXFileReference; lastKnownFileType = archive.ar; path = "libsymbolrfid-sdk.a"; sourceTree = "<group>"; };
		F28DE2772AF4644D002E6E39 /* libsymbolbt-sdk.a */ = {isa = PBXFileReference; lastKnownFileType = archive.ar; path = "libsymbolbt-sdk.a"; sourceTree = "<group>"; };
		F28DE27C2AF46A52002E6E39 /* ZebraLector-Bridging-Header.h */ = {isa = PBXFileReference; lastKnownFileType = sourcecode.c.h; path = "ZebraLector-Bridging-Header.h"; sourceTree = "<group>"; };
		F28DE27E2AF47309002E6E39 /* ExternalAccessory.framework */ = {isa = PBXFileReference; lastKnownFileType = wrapper.framework; name = ExternalAccessory.framework; path = System/Library/Frameworks/ExternalAccessory.framework; sourceTree = SDKROOT; };
		F28DE2802AF47B00002E6E39 /* CoreBluetooth.framework */ = {isa = PBXFileReference; lastKnownFileType = wrapper.framework; name = CoreBluetooth.framework; path = System/Library/Frameworks/CoreBluetooth.framework; sourceTree = SDKROOT; };
		F28DE2822AF47B40002E6E39 /* libz.tbd */ = {isa = PBXFileReference; lastKnownFileType = "sourcecode.text-based-dylib-definition"; name = libz.tbd; path = usr/lib/libz.tbd; sourceTree = SDKROOT; };
		F28DE2842AF47C10002E6E39 /* Zebra.swift */ = {isa = PBXFileReference; lastKnownFileType = sourcecode.swift; path = Zebra.swift; sourceTree = "<group>"; };
/* End PBXFileReference section */

/* Begin PBXFrameworksBuildPhase section */
		F28DE22E2AF435D5002E6E39 /* Frameworks */ = {
			isa = PBXFrameworksBuildPhase;
			buildActionMask = 2147483647;
			files = (
				F28DE2792AF4644E002E6E39 /* libintegratedsdk.a in Frameworks */,
				F28DE2832AF47B50002E6E39 /* libz.tbd in Frameworks */,
				F28DE27F2AF47309002E6E39 /* ExternalAccessory.framework in Frameworks */,
				F28DE2812AF47B00002E6E39 /* CoreBluetooth.framework in Frameworks */,
			);
			runOnlyForDeploymentPostprocessing = 0;
		};
/* End PBXFrameworksBuildPhase section */

/* Begin PBXGroup section */
		F24E57912AF5AB120075F397 /* Protocols */ = {
			isa = PBXGroup;
			children = (
				F24E57932AF5AB310075F397 /* Protocols.swift */,
			);
			path = Protocols;
			sourceTree = "<group>";
		};
		F28DE2282AF435D5002E6E39 = {
			isa = PBXGroup;
			children = (
				F28DE2482AF4644D002E6E39 /* symbolrfid-sdk */,
				F28DE2332AF435D5002E6E39 /* ZebraLector */,
				F28DE2322AF435D5002E6E39 /* Products */,
				F28DE27D2AF47309002E6E39 /* Frameworks */,
			);
			sourceTree = "<group>";
		};
		F28DE2322AF435D5002E6E39 /* Products */ = {
			isa = PBXGroup;
			children = (
				F28DE2312AF435D5002E6E39 /* ZebraLector.app */,
			);
			name = Products;
			sourceTree = "<group>";
		};
		F28DE2332AF435D5002E6E39 /* ZebraLector */ = {
			isa = PBXGroup;
			children = (
				F28DE2342AF435D5002E6E39 /* AppDelegate.swift */,
				F24E57912AF5AB120075F397 /* Protocols */,
				F28DE2362AF435D5002E6E39 /* SceneDelegate.swift */,
				F24E578F2AF592D90075F397 /* EventReceiver.swift */,
				F28DE2842AF47C10002E6E39 /* Zebra.swift */,
				F28DE2382AF435D5002E6E39 /* ViewController.swift */,
				F28DE23A2AF435D5002E6E39 /* Main.storyboard */,
				F28DE23D2AF435D6002E6E39 /* Assets.xcassets */,
				F28DE23F2AF435D6002E6E39 /* LaunchScreen.storyboard */,
				F28DE2422AF435D6002E6E39 /* Info.plist */,
				F28DE27C2AF46A52002E6E39 /* ZebraLector-Bridging-Header.h */,
			);
			path = ZebraLector;
			sourceTree = "<group>";
		};
		F28DE2482AF4644D002E6E39 /* symbolrfid-sdk */ = {
			isa = PBXGroup;
			children = (
				F28DE2492AF4644D002E6E39 /* include */,
				F28DE2742AF4644D002E6E39 /* merge.sh */,
				F28DE2752AF4644D002E6E39 /* libintegratedsdk.a */,
				F28DE2762AF4644D002E6E39 /* libsymbolrfid-sdk.a */,
				F28DE2772AF4644D002E6E39 /* libsymbolbt-sdk.a */,
			);
			path = "symbolrfid-sdk";
			sourceTree = "<group>";
		};
		F28DE2492AF4644D002E6E39 /* include */ = {
			isa = PBXGroup;
			children = (
				F28DE24A2AF4644D002E6E39 /* RfidAccessConfig.h */,
				F28DE24B2AF4644D002E6E39 /* RfidSdkDefs.h */,
				F28DE24C2AF4644D002E6E39 /* RfidSingulationConfig.h */,
				F28DE24D2AF4644D002E6E39 /* RMDAttributes.h */,
				F28DE24E2AF4644D002E6E39 /* RfidDatabaseEvent.h */,
				F28DE24F2AF4644D002E6E39 /* RfidSdkApiDelegate.h */,
				F28DE2502AF4644D002E6E39 /* RfidRegulatoryConfig.h */,
				F28DE2512AF4644D002E6E39 /* AccessOperationCode.h */,
				F28DE2522AF4644D002E6E39 /* RfidTemperatureEvent.h */,
				F28DE2532AF4644D002E6E39 /* RfidRadioErrorEvent.h */,
				F28DE2542AF4644D002E6E39 /* RfidTagFilter.h */,
				F28DE2552AF4644D002E6E39 /* RfidAttribute.h */,
				F28DE2562AF4644D002E6E39 /* RfidAccessCriteria.h */,
				F28DE2572AF4644D002E6E39 /* RfidTagReportConfig.h */,
				F28DE2582AF4644D002E6E39 /* RfidBatteryEvent.h */,
				F28DE2592AF4644D002E6E39 /* SbtScannerInfo.h */,
				F28DE25A2AF4644D002E6E39 /* RfidSdkFactory.h */,
				F28DE25B2AF4644D002E6E39 /* RfidAccessParameters.h */,
				F28DE25C2AF4644D002E6E39 /* RfidBatteryStatusInformation.h */,
				F28DE25D2AF4644D002E6E39 /* RfidReaderVersionInfo.h */,
				F28DE25E2AF4644D002E6E39 /* RfidStartTriggerConfig.h */,
				F28DE25F2AF4644D002E6E39 /* RfidReaderInfo.h */,
				F28DE2602AF4644D002E6E39 /* RfidMultipleTagsConfig.h */,
				F28DE2612AF4644D002E6E39 /* ISbtSdkApi.h */,
				F28DE2622AF4644D002E6E39 /* SbtSdkDefs.h */,
				F28DE2632AF4644D002E6E39 /* RfidReaderCapabilitiesInfo.h */,
				F28DE2642AF4644D002E6E39 /* FirmwareUpdateEvent.h */,
				F28DE2652AF4644D002E6E39 /* RfidUntraceableConfig.h */,
				F28DE2662AF4644D002E6E39 /* RfidOperEndSummaryEvent.h */,
				F28DE2672AF4644D002E6E39 /* ISbtSdkApiDelegate.h */,
				F28DE2682AF4644D002E6E39 /* RfidSdkApi.h */,
				F28DE2692AF4644D002E6E39 /* RfidLinkProfile.h */,
				F28DE26A2AF4644D002E6E39 /* RfidPreFilter.h */,
				F28DE26B2AF4644D002E6E39 /* RfidDynamicPowerConfig.h */,
				F28DE26C2AF4644D002E6E39 /* RfidAntennaConfiguration.h */,
				F28DE26D2AF4644D002E6E39 /* RfidPowerEvent.h */,
				F28DE26E2AF4644D002E6E39 /* RfidTagData.h */,
				F28DE26F2AF4644D002E6E39 /* RfidRegionInfo.h */,
				F28DE2702AF4644D002E6E39 /* RfidReportConfig.h */,
				F28DE2712AF4644D002E6E39 /* RfidStopTriggerConfig.h */,
				F28DE2722AF4644D002E6E39 /* SbtSdkFactory.h */,
				F28DE2732AF4644D002E6E39 /* RfidUniqueTagsReport.h */,
			);
			path = include;
			sourceTree = "<group>";
		};
		F28DE27D2AF47309002E6E39 /* Frameworks */ = {
			isa = PBXGroup;
			children = (
				F28DE2822AF47B40002E6E39 /* libz.tbd */,
				F28DE2802AF47B00002E6E39 /* CoreBluetooth.framework */,
				F28DE27E2AF47309002E6E39 /* ExternalAccessory.framework */,
			);
			name = Frameworks;
			sourceTree = "<group>";
		};
/* End PBXGroup section */

/* Begin PBXNativeTarget section */
		F28DE2302AF435D5002E6E39 /* ZebraLector */ = {
			isa = PBXNativeTarget;
			buildConfigurationList = F28DE2452AF435D6002E6E39 /* Build configuration list for PBXNativeTarget "ZebraLector" */;
			buildPhases = (
				F28DE22D2AF435D5002E6E39 /* Sources */,
				F28DE22E2AF435D5002E6E39 /* Frameworks */,
				F28DE22F2AF435D5002E6E39 /* Resources */,
			);
			buildRules = (
			);
			dependencies = (
			);
			name = ZebraLector;
			productName = ZebraLector;
			productReference = F28DE2312AF435D5002E6E39 /* ZebraLector.app */;
			productType = "com.apple.product-type.application";
		};
/* End PBXNativeTarget section */

/* Begin PBXProject section */
		F28DE2292AF435D5002E6E39 /* Project object */ = {
			isa = PBXProject;
			attributes = {
				BuildIndependentTargetsInParallel = 1;
				LastSwiftUpdateCheck = 1430;
				LastUpgradeCheck = 1430;
				TargetAttributes = {
					F28DE2302AF435D5002E6E39 = {
						CreatedOnToolsVersion = 14.3.1;
					};
				};
			};
			buildConfigurationList = F28DE22C2AF435D5002E6E39 /* Build configuration list for PBXProject "ZebraLector" */;
			compatibilityVersion = "Xcode 14.0";
			developmentRegion = en;
			hasScannedForEncodings = 0;
			knownRegions = (
				en,
				Base,
			);
			mainGroup = F28DE2282AF435D5002E6E39;
			productRefGroup = F28DE2322AF435D5002E6E39 /* Products */;
			projectDirPath = "";
			projectRoot = "";
			targets = (
				F28DE2302AF435D5002E6E39 /* ZebraLector */,
			);
		};
/* End PBXProject section */

/* Begin PBXResourcesBuildPhase section */
		F28DE22F2AF435D5002E6E39 /* Resources */ = {
			isa = PBXResourcesBuildPhase;
			buildActionMask = 2147483647;
			files = (
				F28DE2412AF435D6002E6E39 /* LaunchScreen.storyboard in Resources */,
				F28DE2782AF4644E002E6E39 /* merge.sh in Resources */,
				F28DE23E2AF435D6002E6E39 /* Assets.xcassets in Resources */,
				F28DE23C2AF435D5002E6E39 /* Main.storyboard in Resources */,
			);
			runOnlyForDeploymentPostprocessing = 0;
		};
/* End PBXResourcesBuildPhase section */

/* Begin PBXSourcesBuildPhase section */
		F28DE22D2AF435D5002E6E39 /* Sources */ = {
			isa = PBXSourcesBuildPhase;
			buildActionMask = 2147483647;
			files = (
				F28DE2392AF435D5002E6E39 /* ViewController.swift in Sources */,
				F28DE2352AF435D5002E6E39 /* AppDelegate.swift in Sources */,
				F28DE2852AF47C10002E6E39 /* Zebra.swift in Sources */,
				F24E57942AF5AB310075F397 /* Protocols.swift in Sources */,
				F24E57902AF592D90075F397 /* EventReceiver.swift in Sources */,
				F28DE2372AF435D5002E6E39 /* SceneDelegate.swift in Sources */,
			);
			runOnlyForDeploymentPostprocessing = 0;
		};
/* End PBXSourcesBuildPhase section */

/* Begin PBXVariantGroup section */
		F28DE23A2AF435D5002E6E39 /* Main.storyboard */ = {
			isa = PBXVariantGroup;
			children = (
				F28DE23B2AF435D5002E6E39 /* Base */,
			);
			name = Main.storyboard;
			sourceTree = "<group>";
		};
		F28DE23F2AF435D6002E6E39 /* LaunchScreen.storyboard */ = {
			isa = PBXVariantGroup;
			children = (
				F28DE2402AF435D6002E6E39 /* Base */,
			);
			name = LaunchScreen.storyboard;
			sourceTree = "<group>";
		};
/* End PBXVariantGroup section */

/* Begin XCBuildConfiguration section */
		F28DE2432AF435D6002E6E39 /* Debug */ = {
			isa = XCBuildConfiguration;
			buildSettings = {
				ALWAYS_SEARCH_USER_PATHS = NO;
				CLANG_ANALYZER_NONNULL = YES;
				CLANG_ANALYZER_NUMBER_OBJECT_CONVERSION = YES_AGGRESSIVE;
				CLANG_CXX_LANGUAGE_STANDARD = "gnu++20";
				CLANG_ENABLE_MODULES = YES;
				CLANG_ENABLE_OBJC_ARC = YES;
				CLANG_ENABLE_OBJC_WEAK = YES;
				CLANG_WARN_BLOCK_CAPTURE_AUTORELEASING = YES;
				CLANG_WARN_BOOL_CONVERSION = YES;
				CLANG_WARN_COMMA = YES;
				CLANG_WARN_CONSTANT_CONVERSION = YES;
				CLANG_WARN_DEPRECATED_OBJC_IMPLEMENTATIONS = YES;
				CLANG_WARN_DIRECT_OBJC_ISA_USAGE = YES_ERROR;
				CLANG_WARN_DOCUMENTATION_COMMENTS = YES;
				CLANG_WARN_EMPTY_BODY = YES;
				CLANG_WARN_ENUM_CONVERSION = YES;
				CLANG_WARN_INFINITE_RECURSION = YES;
				CLANG_WARN_INT_CONVERSION = YES;
				CLANG_WARN_NON_LITERAL_NULL_CONVERSION = YES;
				CLANG_WARN_OBJC_IMPLICIT_RETAIN_SELF = YES;
				CLANG_WARN_OBJC_LITERAL_CONVERSION = YES;
				CLANG_WARN_OBJC_ROOT_CLASS = YES_ERROR;
				CLANG_WARN_QUOTED_INCLUDE_IN_FRAMEWORK_HEADER = YES;
				CLANG_WARN_RANGE_LOOP_ANALYSIS = YES;
				CLANG_WARN_STRICT_PROTOTYPES = YES;
				CLANG_WARN_SUSPICIOUS_MOVE = YES;
				CLANG_WARN_UNGUARDED_AVAILABILITY = YES_AGGRESSIVE;
				CLANG_WARN_UNREACHABLE_CODE = YES;
				CLANG_WARN__DUPLICATE_METHOD_MATCH = YES;
				COPY_PHASE_STRIP = NO;
				DEBUG_INFORMATION_FORMAT = dwarf;
				ENABLE_STRICT_OBJC_MSGSEND = YES;
				ENABLE_TESTABILITY = YES;
				GCC_C_LANGUAGE_STANDARD = gnu11;
				GCC_DYNAMIC_NO_PIC = NO;
				GCC_NO_COMMON_BLOCKS = YES;
				GCC_OPTIMIZATION_LEVEL = 0;
				GCC_PREPROCESSOR_DEFINITIONS = (
					"DEBUG=1",
					"$(inherited)",
				);
				GCC_WARN_64_TO_32_BIT_CONVERSION = YES;
				GCC_WARN_ABOUT_RETURN_TYPE = YES_ERROR;
				GCC_WARN_UNDECLARED_SELECTOR = YES;
				GCC_WARN_UNINITIALIZED_AUTOS = YES_AGGRESSIVE;
				GCC_WARN_UNUSED_FUNCTION = YES;
				GCC_WARN_UNUSED_VARIABLE = YES;
				IPHONEOS_DEPLOYMENT_TARGET = 16.4;
				MTL_ENABLE_DEBUG_INFO = INCLUDE_SOURCE;
				MTL_FAST_MATH = YES;
				ONLY_ACTIVE_ARCH = YES;
				SDKROOT = iphoneos;
				SWIFT_ACTIVE_COMPILATION_CONDITIONS = DEBUG;
				SWIFT_OPTIMIZATION_LEVEL = "-Onone";
			};
			name = Debug;
		};
		F28DE2442AF435D6002E6E39 /* Release */ = {
			isa = XCBuildConfiguration;
			buildSettings = {
				ALWAYS_SEARCH_USER_PATHS = NO;
				CLANG_ANALYZER_NONNULL = YES;
				CLANG_ANALYZER_NUMBER_OBJECT_CONVERSION = YES_AGGRESSIVE;
				CLANG_CXX_LANGUAGE_STANDARD = "gnu++20";
				CLANG_ENABLE_MODULES = YES;
				CLANG_ENABLE_OBJC_ARC = YES;
				CLANG_ENABLE_OBJC_WEAK = YES;
				CLANG_WARN_BLOCK_CAPTURE_AUTORELEASING = YES;
				CLANG_WARN_BOOL_CONVERSION = YES;
				CLANG_WARN_COMMA = YES;
				CLANG_WARN_CONSTANT_CONVERSION = YES;
				CLANG_WARN_DEPRECATED_OBJC_IMPLEMENTATIONS = YES;
				CLANG_WARN_DIRECT_OBJC_ISA_USAGE = YES_ERROR;
				CLANG_WARN_DOCUMENTATION_COMMENTS = YES;
				CLANG_WARN_EMPTY_BODY = YES;
				CLANG_WARN_ENUM_CONVERSION = YES;
				CLANG_WARN_INFINITE_RECURSION = YES;
				CLANG_WARN_INT_CONVERSION = YES;
				CLANG_WARN_NON_LITERAL_NULL_CONVERSION = YES;
				CLANG_WARN_OBJC_IMPLICIT_RETAIN_SELF = YES;
				CLANG_WARN_OBJC_LITERAL_CONVERSION = YES;
				CLANG_WARN_OBJC_ROOT_CLASS = YES_ERROR;
				CLANG_WARN_QUOTED_INCLUDE_IN_FRAMEWORK_HEADER = YES;
				CLANG_WARN_RANGE_LOOP_ANALYSIS = YES;
				CLANG_WARN_STRICT_PROTOTYPES = YES;
				CLANG_WARN_SUSPICIOUS_MOVE = YES;
				CLANG_WARN_UNGUARDED_AVAILABILITY = YES_AGGRESSIVE;
				CLANG_WARN_UNREACHABLE_CODE = YES;
				CLANG_WARN__DUPLICATE_METHOD_MATCH = YES;
				COPY_PHASE_STRIP = NO;
				DEBUG_INFORMATION_FORMAT = "dwarf-with-dsym";
				ENABLE_NS_ASSERTIONS = NO;
				ENABLE_STRICT_OBJC_MSGSEND = YES;
				GCC_C_LANGUAGE_STANDARD = gnu11;
				GCC_NO_COMMON_BLOCKS = YES;
				GCC_WARN_64_TO_32_BIT_CONVERSION = YES;
				GCC_WARN_ABOUT_RETURN_TYPE = YES_ERROR;
				GCC_WARN_UNDECLARED_SELECTOR = YES;
				GCC_WARN_UNINITIALIZED_AUTOS = YES_AGGRESSIVE;
				GCC_WARN_UNUSED_FUNCTION = YES;
				GCC_WARN_UNUSED_VARIABLE = YES;
				IPHONEOS_DEPLOYMENT_TARGET = 16.4;
				MTL_ENABLE_DEBUG_INFO = NO;
				MTL_FAST_MATH = YES;
				SDKROOT = iphoneos;
				SWIFT_COMPILATION_MODE = wholemodule;
				SWIFT_OPTIMIZATION_LEVEL = "-O";
				VALIDATE_PRODUCT = YES;
			};
			name = Release;
		};
		F28DE2462AF435D6002E6E39 /* Debug */ = {
			isa = XCBuildConfiguration;
			buildSettings = {
				ASSETCATALOG_COMPILER_APPICON_NAME = AppIcon;
				ASSETCATALOG_COMPILER_GLOBAL_ACCENT_COLOR_NAME = AccentColor;
				CODE_SIGN_STYLE = Automatic;
				CURRENT_PROJECT_VERSION = 1;
				DEVELOPMENT_TEAM = MC2W678MVZ;
				GENERATE_INFOPLIST_FILE = YES;
				INFOPLIST_FILE = ZebraLector/Info.plist;
				INFOPLIST_KEY_UIApplicationSupportsIndirectInputEvents = YES;
				INFOPLIST_KEY_UILaunchStoryboardName = LaunchScreen;
				INFOPLIST_KEY_UIMainStoryboardFile = Main;
				INFOPLIST_KEY_UISupportedInterfaceOrientations_iPad = "UIInterfaceOrientationPortrait UIInterfaceOrientationPortraitUpsideDown UIInterfaceOrientationLandscapeLeft UIInterfaceOrientationLandscapeRight";
				INFOPLIST_KEY_UISupportedInterfaceOrientations_iPhone = "UIInterfaceOrientationPortrait UIInterfaceOrientationLandscapeLeft UIInterfaceOrientationLandscapeRight";
				LD_RUNPATH_SEARCH_PATHS = (
					"$(inherited)",
					"@executable_path/Frameworks",
				);
				LIBRARY_SEARCH_PATHS = (
					"$(inherited)",
					"$(PROJECT_DIR)/symbolrfid-sdk",
				);
				MARKETING_VERSION = 1.0;
				OTHER_LDFLAGS = "-ObjC";
				PRODUCT_BUNDLE_IDENTIFIER = com.nut.ZebraLector;
				PRODUCT_NAME = "$(TARGET_NAME)";
				SWIFT_EMIT_LOC_STRINGS = YES;
				SWIFT_OBJC_BRIDGING_HEADER = "$(SRCROOT)/ZebraLector/ZebraLector-Bridging-Header.h";
				SWIFT_VERSION = 5.0;
				TARGETED_DEVICE_FAMILY = "1,2";
				USER_HEADER_SEARCH_PATHS = "$(SRCROOT)/symbolrfid-sdk/include/ ";
			};
			name = Debug;
		};
		F28DE2472AF435D6002E6E39 /* Release */ = {
			isa = XCBuildConfiguration;
			buildSettings = {
				ASSETCATALOG_COMPILER_APPICON_NAME = AppIcon;
				ASSETCATALOG_COMPILER_GLOBAL_ACCENT_COLOR_NAME = AccentColor;
				CODE_SIGN_STYLE = Automatic;
				CURRENT_PROJECT_VERSION = 1;
				DEVELOPMENT_TEAM = MC2W678MVZ;
				GENERATE_INFOPLIST_FILE = YES;
				INFOPLIST_FILE = ZebraLector/Info.plist;
				INFOPLIST_KEY_UIApplicationSupportsIndirectInputEvents = YES;
				INFOPLIST_KEY_UILaunchStoryboardName = LaunchScreen;
				INFOPLIST_KEY_UIMainStoryboardFile = Main;
				INFOPLIST_KEY_UISupportedInterfaceOrientations_iPad = "UIInterfaceOrientationPortrait UIInterfaceOrientationPortraitUpsideDown UIInterfaceOrientationLandscapeLeft UIInterfaceOrientationLandscapeRight";
				INFOPLIST_KEY_UISupportedInterfaceOrientations_iPhone = "UIInterfaceOrientationPortrait UIInterfaceOrientationLandscapeLeft UIInterfaceOrientationLandscapeRight";
				LD_RUNPATH_SEARCH_PATHS = (
					"$(inherited)",
					"@executable_path/Frameworks",
				);
				LIBRARY_SEARCH_PATHS = (
					"$(inherited)",
					"$(PROJECT_DIR)/symbolrfid-sdk",
				);
				MARKETING_VERSION = 1.0;
				OTHER_LDFLAGS = "-ObjC";
				PRODUCT_BUNDLE_IDENTIFIER = com.nut.ZebraLector;
				PRODUCT_NAME = "$(TARGET_NAME)";
				SWIFT_EMIT_LOC_STRINGS = YES;
				SWIFT_OBJC_BRIDGING_HEADER = "$(SRCROOT)/ZebraLector/ZebraLector-Bridging-Header.h";
				SWIFT_VERSION = 5.0;
				TARGETED_DEVICE_FAMILY = "1,2";
				USER_HEADER_SEARCH_PATHS = "$(SRCROOT)/symbolrfid-sdk/include/ ";
			};
			name = Release;
		};
/* End XCBuildConfiguration section */

/* Begin XCConfigurationList section */
		F28DE22C2AF435D5002E6E39 /* Build configuration list for PBXProject "ZebraLector" */ = {
			isa = XCConfigurationList;
			buildConfigurations = (
				F28DE2432AF435D6002E6E39 /* Debug */,
				F28DE2442AF435D6002E6E39 /* Release */,
			);
			defaultConfigurationIsVisible = 0;
			defaultConfigurationName = Release;
		};
		F28DE2452AF435D6002E6E39 /* Build configuration list for PBXNativeTarget "ZebraLector" */ = {
			isa = XCConfigurationList;
			buildConfigurations = (
				F28DE2462AF435D6002E6E39 /* Debug */,
				F28DE2472AF435D6002E6E39 /* Release */,
			);
			defaultConfigurationIsVisible = 0;
			defaultConfigurationName = Release;
		};
/* End XCConfigurationList section */
	};
	rootObject = F28DE2292AF435D5002E6E39 /* Project object */;
}
